
Microsoft Visual Studio Solution File, Format Version 12.00
# Visual Studio 15
VisualStudioVersion = 15.0.28307.168
MinimumVisualStudioVersion = 10.0.40219.1
Project("{FAE04EC0-301F-11D3-BF4B-00C04F79EFBC}") = "mvcshopping", "mvcshopping\mvcshopping.csproj", "{5AA49870-08FA-49AE-B70C-F876430AF39C}"
EndProject
Global
	GlobalSection(SolutionConfigurationPlatforms) = preSolution
		Debug|Any CPU = Debug|Any CPU
		Release|Any CPU = Release|Any CPU
	EndGlobalSection
	GlobalSection(ProjectConfigurationPlatforms) = postSolution
		{5AA49870-08FA-49AE-B70C-F876430AF39C}.Debug|Any CPU.ActiveCfg = Debug|Any CPU
		{5AA49870-08FA-49AE-B70C-F876430AF39C}.Debug|Any CPU.Build.0 = Debug|Any CPU
		{5AA49870-08FA-49AE-B70C-F876430AF39C}.Release|Any CPU.ActiveCfg = Release|Any CPU
		{5AA49870-08FA-49AE-B70C-F876430AF39C}.Release|Any CPU.Build.0 = Release|Any CPU
	EndGlobalSection
	GlobalSection(SolutionProperties) = preSolution
		HideSolutionNode = FALSE
	EndGlobalSection
	GlobalSection(ExtensibilityGlobals) = postSolution
		SolutionGuid = {A0F1C24E-70F5-403F-AD34-7AC287FF8997}
	EndGlobalSection
EndGlobal
